
Microsoft Visual Studio Solution File, Format Version 11.00
# Visual Studio 2010
Project("{FAE04EC0-301F-11D3-BF4B-00C04F79EFBC}") = "Jogo", "Jogo\Jogo.csproj", "{B02F0E51-46B2-4389-AEEA-3540BE83CCED}"
EndProject
Global
	GlobalSection(SolutionConfigurationPlatforms) = preSolution
		Debug|x86 = Debug|x86
		Release|x86 = Release|x86
	EndGlobalSection
	GlobalSection(ProjectConfigurationPlatforms) = postSolution
		{B02F0E51-46B2-4389-AEEA-3540BE83CCED}.Debug|x86.ActiveCfg = Debug|x86
		{B02F0E51-46B2-4389-AEEA-3540BE83CCED}.Debug|x86.Build.0 = Debug|x86
		{B02F0E51-46B2-4389-AEEA-3540BE83CCED}.Release|x86.ActiveCfg = Release|x86
		{B02F0E51-46B2-4389-AEEA-3540BE83CCED}.Release|x86.Build.0 = Release|x86
	EndGlobalSection
	GlobalSection(SolutionProperties) = preSolution
		HideSolutionNode = FALSE
	EndGlobalSection
EndGlobal
